// !$*UTF8*$!
{
	archiveVersion = 1;
	classes = {
	};
	objectVersion = 46;
	objects = {

/* Begin PBXBuildFile section */
		7BAFD9191A783558001092A7 /* AppDelegate.swift in Sources */ = {isa = PBXBuildFile; fileRef = 7BAFD9181A783558001092A7 /* AppDelegate.swift */; };
		7BAFD91B1A783558001092A7 /* ViewController.swift in Sources */ = {isa = PBXBuildFile; fileRef = 7BAFD91A1A783558001092A7 /* ViewController.swift */; };
		7BAFD91E1A783558001092A7 /* Main.storyboard in Resources */ = {isa = PBXBuildFile; fileRef = 7BAFD91C1A783558001092A7 /* Main.storyboard */; };
		7BAFD9201A783558001092A7 /* Images.xcassets in Resources */ = {isa = PBXBuildFile; fileRef = 7BAFD91F1A783558001092A7 /* Images.xcassets */; };
		7BAFD9231A783558001092A7 /* LaunchScreen.xib in Resources */ = {isa = PBXBuildFile; fileRef = 7BAFD9211A783558001092A7 /* LaunchScreen.xib */; };
		7BAFD92F1A783558001092A7 /* firstAutoLayoutTests.swift in Sources */ = {isa = PBXBuildFile; fileRef = 7BAFD92E1A783558001092A7 /* firstAutoLayoutTests.swift */; };
/* End PBXBuildFile section */

/* Begin PBXContainerItemProxy section */
		7BAFD9291A783558001092A7 /* PBXContainerItemProxy */ = {
			isa = PBXContainerItemProxy;
			containerPortal = 7BAFD90B1A783558001092A7 /* Project object */;
			proxyType = 1;
			remoteGlobalIDString = 7BAFD9121A783558001092A7;
			remoteInfo = firstAutoLayout;
		};
/* End PBXContainerItemProxy section */

/* Begin PBXFileReference section */
		7BAFD9131A783558001092A7 /* firstAutoLayout.app */ = {isa = PBXFileReference; explicitFileType = wrapper.application; includeInIndex = 0; path = firstAutoLayout.app; sourceTree = BUILT_PRODUCTS_DIR; };
		7BAFD9171A783558001092A7 /* Info.plist */ = {isa = PBXFileReference; lastKnownFileType = text.plist.xml; path = Info.plist; sourceTree = "<group>"; };
		7BAFD9181A783558001092A7 /* AppDelegate.swift */ = {isa = PBXFileReference; lastKnownFileType = sourcecode.swift; path = AppDelegate.swift; sourceTree = "<group>"; };
		7BAFD91A1A783558001092A7 /* ViewController.swift */ = {isa = PBXFileReference; lastKnownFileType = sourcecode.swift; path = ViewController.swift; sourceTree = "<group>"; };
		7BAFD91D1A783558001092A7 /* Base */ = {isa = PBXFileReference; lastKnownFileType = file.storyboard; name = Base; path = Base.lproj/Main.storyboard; sourceTree = "<group>"; };
		7BAFD91F1A783558001092A7 /* Images.xcassets */ = {isa = PBXFileReference; lastKnownFileType = folder.assetcatalog; path = Images.xcassets; sourceTree = "<group>"; };
		7BAFD9221A783558001092A7 /* Base */ = {isa = PBXFileReference; lastKnownFileType = file.xib; name = Base; path = Base.lproj/LaunchScreen.xib; sourceTree = "<group>"; };
		7BAFD9281A783558001092A7 /* firstAutoLayoutTests.xctest */ = {isa = PBXFileReference; explicitFileType = wrapper.cfbundle; includeInIndex = 0; path = firstAutoLayoutTests.xctest; sourceTree = BUILT_PRODUCTS_DIR; };
		7BAFD92D1A783558001092A7 /* Info.plist */ = {isa = PBXFileReference; lastKnownFileType = text.plist.xml; path = Info.plist; sourceTree = "<group>"; };
		7BAFD92E1A783558001092A7 /* firstAutoLayoutTests.swift */ = {isa = PBXFileReference; lastKnownFileType = sourcecode.swift; path = firstAutoLayoutTests.swift; sourceTree = "<group>"; };
/* End PBXFileReference section */

/* Begin PBXFrameworksBuildPhase section */
		7BAFD9101A783558001092A7 /* Frameworks */ = {
			isa = PBXFrameworksBuildPhase;
			buildActionMask = 2147483647;
			files = (
			);
			runOnlyForDeploymentPostprocessing = 0;
		};
		7BAFD9251A783558001092A7 /* Frameworks */ = {
			isa = PBXFrameworksBuildPhase;
			buildActionMask = 2147483647;
			files = (
			);
			runOnlyForDeploymentPostprocessing = 0;
		};
/* End PBXFrameworksBuildPhase section */

/* Begin PBXGroup section */
		7BAFD90A1A783558001092A7 = {
			isa = PBXGroup;
			children = (
				7BAFD9151A783558001092A7 /* firstAutoLayout */,
				7BAFD92B1A783558001092A7 /* firstAutoLayoutTests */,
				7BAFD9141A783558001092A7 /* Products */,
			);
			sourceTree = "<group>";
		};
		7BAFD9141A783558001092A7 /* Products */ = {
			isa = PBXGroup;
			children = (
				7BAFD9131A783558001092A7 /* firstAutoLayout.app */,
				7BAFD9281A783558001092A7 /* firstAutoLayoutTests.xctest */,
			);
			name = Products;
			sourceTree = "<group>";
		};
		7BAFD9151A783558001092A7 /* firstAutoLayout */ = {
			isa = PBXGroup;
			children = (
				7BAFD9181A783558001092A7 /* AppDelegate.swift */,
				7BAFD91A1A783558001092A7 /* ViewController.swift */,
				7BAFD91C1A783558001092A7 /* Main.storyboard */,
				7BAFD91F1A783558001092A7 /* Images.xcassets */,
				7BAFD9211A783558001092A7 /* LaunchScreen.xib */,
				7BAFD9161A783558001092A7 /* Supporting Files */,
			);
			path = firstAutoLayout;
			sourceTree = "<group>";
		};
		7BAFD9161A783558001092A7 /* Supporting Files */ = {
			isa = PBXGroup;
			children = (
				7BAFD9171A783558001092A7 /* Info.plist */,
			);
			name = "Supporting Files";
			sourceTree = "<group>";
		};
		7BAFD92B1A783558001092A7 /* firstAutoLayoutTests */ = {
			isa = PBXGroup;
			children = (
				7BAFD92E1A783558001092A7 /* firstAutoLayoutTests.swift */,
				7BAFD92C1A783558001092A7 /* Supporting Files */,
			);
			path = firstAutoLayoutTests;
			sourceTree = "<group>";
		};
		7BAFD92C1A783558001092A7 /* Supporting Files */ = {
			isa = PBXGroup;
			children = (
				7BAFD92D1A783558001092A7 /* Info.plist */,
			);
			name = "Supporting Files";
			sourceTree = "<group>";
		};
/* End PBXGroup section */

/* Begin PBXNativeTarget section */
		7BAFD9121A783558001092A7 /* firstAutoLayout */ = {
			isa = PBXNativeTarget;
			buildConfigurationList = 7BAFD9321A783558001092A7 /* Build configuration list for PBXNativeTarget "firstAutoLayout" */;
			buildPhases = (
				7BAFD90F1A783558001092A7 /* Sources */,
				7BAFD9101A783558001092A7 /* Frameworks */,
				7BAFD9111A783558001092A7 /* Resources */,
			);
			buildRules = (
			);
			dependencies = (
			);
			name = firstAutoLayout;
			productName = firstAutoLayout;
			productReference = 7BAFD9131A783558001092A7 /* firstAutoLayout.app */;
			productType = "com.apple.product-type.application";
		};
		7BAFD9271A783558001092A7 /* firstAutoLayoutTests */ = {
			isa = PBXNativeTarget;
			buildConfigurationList = 7BAFD9351A783558001092A7 /* Build configuration list for PBXNativeTarget "firstAutoLayoutTests" */;
			buildPhases = (
				7BAFD9241A783558001092A7 /* Sources */,
				7BAFD9251A783558001092A7 /* Frameworks */,
				7BAFD9261A783558001092A7 /* Resources */,
			);
			buildRules = (
			);
			dependencies = (
				7BAFD92A1A783558001092A7 /* PBXTargetDependency */,
			);
			name = firstAutoLayoutTests;
			productName = firstAutoLayoutTests;
			productReference = 7BAFD9281A783558001092A7 /* firstAutoLayoutTests.xctest */;
			productType = "com.apple.product-type.bundle.unit-test";
		};
/* End PBXNativeTarget section */

/* Begin PBXProject section */
		7BAFD90B1A783558001092A7 /* Project object */ = {
			isa = PBXProject;
			attributes = {
				LastUpgradeCheck = 0610;
				ORGANIZATIONNAME = alex;
				TargetAttributes = {
					7BAFD9121A783558001092A7 = {
						CreatedOnToolsVersion = 6.1.1;
					};
					7BAFD9271A783558001092A7 = {
						CreatedOnToolsVersion = 6.1.1;
						TestTargetID = 7BAFD9121A783558001092A7;
					};
				};
			};
			buildConfigurationList = 7BAFD90E1A783558001092A7 /* Build configuration list for PBXProject "firstAutoLayout" */;
			compatibilityVersion = "Xcode 3.2";
			developmentRegion = English;
			hasScannedForEncodings = 0;
			knownRegions = (
				en,
				Base,
			);
			mainGroup = 7BAFD90A1A783558001092A7;
			productRefGroup = 7BAFD9141A783558001092A7 /* Products */;
			projectDirPath = "";
			projectRoot = "";
			targets = (
				7BAFD9121A783558001092A7 /* firstAutoLayout */,
				7BAFD9271A783558001092A7 /* firstAutoLayoutTests */,
			);
		};
/* End PBXProject section */

/* Begin PBXResourcesBuildPhase section */
		7BAFD9111A783558001092A7 /* Resources */ = {
			isa = PBXResourcesBuildPhase;
			buildActionMask = 2147483647;
			files = (
				7BAFD91E1A783558001092A7 /* Main.storyboard in Resources */,
				7BAFD9231A783558001092A7 /* LaunchScreen.xib in Resources */,
				7BAFD9201A783558001092A7 /* Images.xcassets in Resources */,
			);
			runOnlyForDeploymentPostprocessing = 0;
		};
		7BAFD9261A783558001092A7 /* Resources */ = {
			isa = PBXResourcesBuildPhase;
			buildActionMask = 2147483647;
			files = (
			);
			runOnlyForDeploymentPostprocessing = 0;
		};
/* End PBXResourcesBuildPhase section */

/* Begin PBXSourcesBuildPhase section */
		7BAFD90F1A783558001092A7 /* Sources */ = {
			isa = PBXSourcesBuildPhase;
			buildActionMask = 2147483647;
			files = (
				7BAFD91B1A783558001092A7 /* ViewController.swift in Sources */,
				7BAFD9191A783558001092A7 /* AppDelegate.swift in Sources */,
			);
			runOnlyForDeploymentPostprocessing = 0;
		};
		7BAFD9241A783558001092A7 /* Sources */ = {
			isa = PBXSourcesBuildPhase;
			buildActionMask = 2147483647;
			files = (
				7BAFD92F1A783558001092A7 /* firstAutoLayoutTests.swift in Sources */,
			);
			runOnlyForDeploymentPostprocessing = 0;
		};
/* End PBXSourcesBuildPhase section */

/* Begin PBXTargetDependency section */
		7BAFD92A1A783558001092A7 /* PBXTargetDependency */ = {
			isa = PBXTargetDependency;
			target = 7BAFD9121A783558001092A7 /* firstAutoLayout */;
			targetProxy = 7BAFD9291A783558001092A7 /* PBXContainerItemProxy */;
		};
/* End PBXTargetDependency section */

/* Begin PBXVariantGroup section */
		7BAFD91C1A783558001092A7 /* Main.storyboard */ = {
			isa = PBXVariantGroup;
			children = (
				7BAFD91D1A783558001092A7 /* Base */,
			);
			name = Main.storyboard;
			sourceTree = "<group>";
		};
		7BAFD9211A783558001092A7 /* LaunchScreen.xib */ = {
			isa = PBXVariantGroup;
			children = (
				7BAFD9221A783558001092A7 /* Base */,
			);
			name = LaunchScreen.xib;
			sourceTree = "<group>";
		};
/* End PBXVariantGroup section */

/* Begin XCBuildConfiguration section */
		7BAFD9301A783558001092A7 /* Debug */ = {
			isa = XCBuildConfiguration;
			buildSettings = {
				ALWAYS_SEARCH_USER_PATHS = NO;
				CLANG_CXX_LANGUAGE_STANDARD = "gnu++0x";
				CLANG_CXX_LIBRARY = "libc++";
				CLANG_ENABLE_MODULES = YES;
				CLANG_ENABLE_OBJC_ARC = YES;
				CLANG_WARN_BOOL_CONVERSION = YES;
				CLANG_WARN_CONSTANT_CONVERSION = YES;
				CLANG_WARN_DIRECT_OBJC_ISA_USAGE = YES_ERROR;
				CLANG_WARN_EMPTY_BODY = YES;
				CLANG_WARN_ENUM_CONVERSION = YES;
				CLANG_WARN_INT_CONVERSION = YES;
				CLANG_WARN_OBJC_ROOT_CLASS = YES_ERROR;
				CLANG_WARN_UNREACHABLE_CODE = YES;
				CLANG_WARN__DUPLICATE_METHOD_MATCH = YES;
				"CODE_SIGN_IDENTITY[sdk=iphoneos*]" = "iPhone Developer";
				COPY_PHASE_STRIP = NO;
				ENABLE_STRICT_OBJC_MSGSEND = YES;
				GCC_C_LANGUAGE_STANDARD = gnu99;
				GCC_DYNAMIC_NO_PIC = NO;
				GCC_OPTIMIZATION_LEVEL = 0;
				GCC_PREPROCESSOR_DEFINITIONS = (
					"DEBUG=1",
					"$(inherited)",
				);
				GCC_SYMBOLS_PRIVATE_EXTERN = NO;
				GCC_WARN_64_TO_32_BIT_CONVERSION = YES;
				GCC_WARN_ABOUT_RETURN_TYPE = YES_ERROR;
				GCC_WARN_UNDECLARED_SELECTOR = YES;
				GCC_WARN_UNINITIALIZED_AUTOS = YES_AGGRESSIVE;
				GCC_WARN_UNUSED_FUNCTION = YES;
				GCC_WARN_UNUSED_VARIABLE = YES;
				IPHONEOS_DEPLOYMENT_TARGET = 8.1;
				MTL_ENABLE_DEBUG_INFO = YES;
				ONLY_ACTIVE_ARCH = YES;
				SDKROOT = iphoneos;
				SWIFT_OPTIMIZATION_LEVEL = "-Onone";
				TARGETED_DEVICE_FAMILY = "1,2";
			};
			name = Debug;
		};
		7BAFD9311A783558001092A7 /* Release */ = {
			isa = XCBuildConfiguration;
			buildSettings = {
				ALWAYS_SEARCH_USER_PATHS = NO;
				CLANG_CXX_LANGUAGE_STANDARD = "gnu++0x";
				CLANG_CXX_LIBRARY = "libc++";
				CLANG_ENABLE_MODULES = YES;
				CLANG_ENABLE_OBJC_ARC = YES;
				CLANG_WARN_BOOL_CONVERSION = YES;
				CLANG_WARN_CONSTANT_CONVERSION = YES;
				CLANG_WARN_DIRECT_OBJC_ISA_USAGE = YES_ERROR;
				CLANG_WARN_EMPTY_BODY = YES;
				CLANG_WARN_ENUM_CONVERSION = YES;
				CLANG_WARN_INT_CONVERSION = YES;
				CLANG_WARN_OBJC_ROOT_CLASS = YES_ERROR;
				CLANG_WARN_UNREACHABLE_CODE = YES;
				CLANG_WARN__DUPLICATE_METHOD_MATCH = YES;
				"CODE_SIGN_IDENTITY[sdk=iphoneos*]" = "iPhone Developer";
				COPY_PHASE_STRIP = YES;
				ENABLE_NS_ASSERTIONS = NO;
				ENABLE_STRICT_OBJC_MSGSEND = YES;
				GCC_C_LANGUAGE_STANDARD = gnu99;
				GCC_WARN_64_TO_32_BIT_CONVERSION = YES;
				GCC_WARN_ABOUT_RETURN_TYPE = YES_ERROR;
				GCC_WARN_UNDECLARED_SELECTOR = YES;
				GCC_WARN_UNINITIALIZED_AUTOS = YES_AGGRESSIVE;
				GCC_WARN_UNUSED_FUNCTION = YES;
				GCC_WARN_UNUSED_VARIABLE = YES;
				IPHONEOS_DEPLOYMENT_TARGET = 8.1;
				MTL_ENABLE_DEBUG_INFO = NO;
				SDKROOT = iphoneos;
				TARGETED_DEVICE_FAMILY = "1,2";
				VALIDATE_PRODUCT = YES;
			};
			name = Release;
		};
		7BAFD9331A783558001092A7 /* Debug */ = {
			isa = XCBuildConfiguration;
			buildSettings = {
				ASSETCATALOG_COMPILER_APPICON_NAME = AppIcon;
				INFOPLIST_FILE = firstAutoLayout/Info.plist;
				LD_RUNPATH_SEARCH_PATHS = "$(inherited) @executable_path/Frameworks";
				PRODUCT_NAME = "$(TARGET_NAME)";
			};
			name = Debug;
		};
		7BAFD9341A783558001092A7 /* Release */ = {
			isa = XCBuildConfiguration;
			buildSettings = {
				ASSETCATALOG_COMPILER_APPICON_NAME = AppIcon;
				INFOPLIST_FILE = firstAutoLayout/Info.plist;
				LD_RUNPATH_SEARCH_PATHS = "$(inherited) @executable_path/Frameworks";
				PRODUCT_NAME = "$(TARGET_NAME)";
			};
			name = Release;
		};
		7BAFD9361A783558001092A7 /* Debug */ = {
			isa = XCBuildConfiguration;
			buildSettings = {
				BUNDLE_LOADER = "$(TEST_HOST)";
				FRAMEWORK_SEARCH_PATHS = (
					"$(SDKROOT)/Developer/Library/Frameworks",
					"$(inherited)",
				);
				GCC_PREPROCESSOR_DEFINITIONS = (
					"DEBUG=1",
					"$(inherited)",
				);
				INFOPLIST_FILE = firstAutoLayoutTests/Info.plist;
				LD_RUNPATH_SEARCH_PATHS = "$(inherited) @executable_path/Frameworks @loader_path/Frameworks";
				PRODUCT_NAME = "$(TARGET_NAME)";
				TEST_HOST = "$(BUILT_PRODUCTS_DIR)/firstAutoLayout.app/firstAutoLayout";
			};
			name = Debug;
		};
		7BAFD9371A783558001092A7 /* Release */ = {
			isa = XCBuildConfiguration;
			buildSettings = {
				BUNDLE_LOADER = "$(TEST_HOST)";
				FRAMEWORK_SEARCH_PATHS = (
					"$(SDKROOT)/Developer/Library/Frameworks",
					"$(inherited)",
				);
				INFOPLIST_FILE = firstAutoLayoutTests/Info.plist;
				LD_RUNPATH_SEARCH_PATHS = "$(inherited) @executable_path/Frameworks @loader_path/Frameworks";
				PRODUCT_NAME = "$(TARGET_NAME)";
				TEST_HOST = "$(BUILT_PRODUCTS_DIR)/firstAutoLayout.app/firstAutoLayout";
			};
			name = Release;
		};
/* End XCBuildConfiguration section */

/* Begin XCConfigurationList section */
		7BAFD90E1A783558001092A7 /* Build configuration list for PBXProject "firstAutoLayout" */ = {
			isa = XCConfigurationList;
			buildConfigurations = (
				7BAFD9301A783558001092A7 /* Debug */,
				7BAFD9311A783558001092A7 /* Release */,
			);
			defaultConfigurationIsVisible = 0;
			defaultConfigurationName = Release;
		};
		7BAFD9321A783558001092A7 /* Build configuration list for PBXNativeTarget "firstAutoLayout" */ = {
			isa = XCConfigurationList;
			buildConfigurations = (
				7BAFD9331A783558001092A7 /* Debug */,
				7BAFD9341A783558001092A7 /* Release */,
			);
			defaultConfigurationIsVisible = 0;
		};
		7BAFD9351A783558001092A7 /* Build configuration list for PBXNativeTarget "firstAutoLayoutTests" */ = {
			isa = XCConfigurationList;
			buildConfigurations = (
				7BAFD9361A783558001092A7 /* Debug */,
				7BAFD9371A783558001092A7 /* Release */,
			);
			defaultConfigurationIsVisible = 0;
		};
/* End XCConfigurationList section */
	};
	rootObject = 7BAFD90B1A783558001092A7 /* Project object */;
}
